Microsoft Visual Studio Solution File, Format Version 12.00
# Visual Studio Version 17
VisualStudioVersion = 17.6.33717.318
MinimumVisualStudioVersion = 10.0.40219.1
Project("{9A19103F-16F7-4668-BE54-9A1E7A4F7556}") = "Token.JWT", "JWToken\Token.JWT.csproj", "{923A2B78-B6EF-46BC-B288-BA76F8A44345}"
EndProject
Project("{2150E333-8FDC-42A3-9474-1A3956D46DE8}") = "NotBlog_Mark", "NotBlog_Mark", "{25E79912-68DF-4C96-83C8-760DAC7B618D}"
EndProject
Project("{2150E333-8FDC-42A3-9474-1A3956D46DE8}") = "NotBlog_Commons", "NotBlog_Commons", "{57FA7F6A-CE2E-4CB0-84B8-7424CCF75DD8}"
EndProject
Project("{9A19103F-16F7-4668-BE54-9A1E7A4F7556}") = "DomainInfrastructure", "DomainInfrastructure\DomainInfrastructure.csproj", "{26E2E047-3F71-43FB-96E8-EA37B656EF75}"
EndProject
Project("{9A19103F-16F7-4668-BE54-9A1E7A4F7556}") = "Markdown.Web.API", "Markdown.Web.API\Markdown.Web.API.csproj", "{C626A48B-42DB-4956-A07B-A5FCD192F84E}"
EndProject
Project("{2150E333-8FDC-42A3-9474-1A3956D46DE8}") = "NotBlog_Message", "NotBlog_Message", "{CACD58C8-DCF5-4EAB-AE19-663DF616C3FA}"
EndProject
Project("{9A19103F-16F7-4668-BE54-9A1E7A4F7556}") = "Message.Web.API", "Message.Web.API\Message.Web.API.csproj", "{3CBDF164-6BA9-4314-B68D-FA06F2E2A16F}"
EndProject
Project("{9A19103F-16F7-4668-BE54-9A1E7A4F7556}") = "Evenbus", "Evenbus\Evenbus.csproj", "{A6EB2308-E00A-4FD4-85A4-BEBD05BE1621}"
EndProject
Project("{9A19103F-16F7-4668-BE54-9A1E7A4F7556}") = "NotEmail", "NotEmail\NotEmail.csproj", "{1B65EDDE-AD94-42D3-BBA2-914362DD1A3F}"
EndProject
Project("{9A19103F-16F7-4668-BE54-9A1E7A4F7556}") = "FileDev.Domain", "FileDev.Domain\FileDev.Domain.csproj", "{14C72867-4E5A-4255-A69A-6FA7307D7E88}"
EndProject
Project("{9A19103F-16F7-4668-BE54-9A1E7A4F7556}") = "Video.Domain", "Video.Domain\Video.Domain.csproj", "{EA64744D-B941-470B-A248-45B66F7786A0}"
EndProject
Project("{9A19103F-16F7-4668-BE54-9A1E7A4F7556}") = "Message.Domain", "Message.Domain\Message.Domain.csproj", "{B8243412-07BF-4889-AAF6-123713703D97}"
EndProject
Project("{9A19103F-16F7-4668-BE54-9A1E7A4F7556}") = "Markdown.Infrastructure", "Markdown.Infrastructure\Markdown.Infrastructure.csproj", "{25CE147A-4352-45F6-A761-0EBD4240DEB6}"
EndProject
Project("{2150E333-8FDC-42A3-9474-1A3956D46DE8}") = "NotBlog_File", "NotBlog_File", "{751E7496-ED15-4C87-8256-E0F273CEB282}"
EndProject
Project("{FAE04EC0-301F-11D3-BF4B-00C04F79EFBC}") = "FileDev.Infrastructure", "FileDev.Infrastructure\FileDev.Infrastructure.csproj", "{C9193867-0E86-4A0A-9608-0401C8937881}"
EndProject
Project("{2150E333-8FDC-42A3-9474-1A3956D46DE8}") = "NotBlog_Video", "NotBlog_Video", "{77F5CE30-BDC6-4CEE-9422-4E51E896A8E0}"
EndProject
Project("{FAE04EC0-301F-11D3-BF4B-00C04F79EFBC}") = "Identity.Domain", "Identity.Domain\Identity.Domain.csproj", "{B26DD4F5-E99A-4351-939C-35D158CB61C5}"
EndProject
Project("{FAE04EC0-301F-11D3-BF4B-00C04F79EFBC}") = "Video.Infrastructure", "Video.Infrastructure\Video.Infrastructure.csproj", "{3CF86452-11B4-4346-8568-69CE3A465030}"
EndProject
Project("{FAE04EC0-301F-11D3-BF4B-00C04F79EFBC}") = "Video.Web.API", "Video.Web.API\Video.Web.API.csproj", "{8F75E0E7-8BB8-40C4-A382-76236B2A97EB}"
EndProject
Project("{2150E333-8FDC-42A3-9474-1A3956D46DE8}") = "NotBlog_Identity", "NotBlog_Identity", "{BC95D609-3242-49DB-854A-D01B79CD1628}"
EndProject
Project("{FAE04EC0-301F-11D3-BF4B-00C04F79EFBC}") = "Identity.Infrastructure", "Identity.Infrastructure\Identity.Infrastructure.csproj", "{A4C736AE-BD68-41EC-A1C7-FEC476521409}"
EndProject
Project("{FAE04EC0-301F-11D3-BF4B-00C04F79EFBC}") = "Identity.Web.API", "Identity.Web.API\Identity.Web.API.csproj", "{021B129D-337F-438A-9D57-5C3587B7A365}"
EndProject
Project("{FAE04EC0-301F-11D3-BF4B-00C04F79EFBC}") = "Message.Infrastructure", "Message.Infrastructure\Message.Infrastructure.csproj", "{BE66F1A0-524F-41B8-A002-1C266C039DE9}"
EndProject
Project("{FAE04EC0-301F-11D3-BF4B-00C04F79EFBC}") = "Markdown.Domain", "Markdown.Domain\Markdown.Domain.csproj", "{BBEA3AC3-589C-4D2B-9275-585ED672E33A}"
EndProject
Project("{FAE04EC0-301F-11D3-BF4B-00C04F79EFBC}") = "FileDev.Web.API", "FileDev.Web.API\FileDev.Web.API.csproj", "{327CE8CB-253E-4EA2-8D82-9EE48FBF56A8}"
EndProject
Project("{FAE04EC0-301F-11D3-BF4B-00C04F79EFBC}") = "FileGrpcService", "FileGrpcService\FileGrpcService.csproj", "{A8A934DD-321E-4951-9603-BF896C9348AA}"
EndProject
Project("{FAE04EC0-301F-11D3-BF4B-00C04F79EFBC}") = "IdentityGrpc", "IdentityGrpc\IdentityGrpc.csproj", "{DD2906BC-4AE9-4C21-8DA3-D3009801A53A}"
EndProject
Project("{FAE04EC0-301F-11D3-BF4B-00C04F79EFBC}") = "DomainCommons", "DomainCommons\DomainCommons.csproj", "{1FF3771F-7FB7-4284-88EC-F5BA16BB8BD9}"
EndProject
Project("{FAE04EC0-301F-11D3-BF4B-00C04F79EFBC}") = "CommonsInitializer", "CommonsInitializer\CommonsInitializer.csproj", "{3817FCD3-313A-486F-B23C-ADA796F6EB0E}"
EndProject
Project("{FAE04EC0-301F-11D3-BF4B-00C04F79EFBC}") = "NotBlog.AppHost", "NotBlog.AppHost\NotBlog.AppHost.csproj", "{7A278E94-78C5-4C0C-A003-260E11821283}"
EndProject
Project("{FAE04EC0-301F-11D3-BF4B-00C04F79EFBC}") = "NotBlog.ServiceDefaults", "NotBlog.ServiceDefaults\NotBlog.ServiceDefaults.csproj", "{87FD2A4E-56BB-4915-9349-AF858E2A9FC3}"
EndProject
Project("{FAE04EC0-301F-11D3-BF4B-00C04F79EFBC}") = "CacheMemory", "CacheMemory\CacheMemory.csproj", "{E492321C-AE5B-4F7D-ACB2-A1CC4351706F}"
EndProject
Project("{FAE04EC0-301F-11D3-BF4B-00C04F79EFBC}") = "NotBlog_Yarp", "NotBlog_Yarp\NotBlog_Yarp.csproj", "{5FD4C6A2-E77C-4369-88C5-1993B9E60ED2}"
EndProject
Global
	GlobalSection(SolutionConfigurationPlatforms) = preSolution
		Debug|Any CPU = Debug|Any CPU
		Release|Any CPU = Release|Any CPU
	EndGlobalSection
	GlobalSection(ProjectConfigurationPlatforms) = postSolution
		{923A2B78-B6EF-46BC-B288-BA76F8A44345}.Debug|Any CPU.ActiveCfg = Debug|Any CPU
		{923A2B78-B6EF-46BC-B288-BA76F8A44345}.Debug|Any CPU.Build.0 = Debug|Any CPU
		{923A2B78-B6EF-46BC-B288-BA76F8A44345}.Release|Any CPU.ActiveCfg = Release|Any CPU
		{923A2B78-B6EF-46BC-B288-BA76F8A44345}.Release|Any CPU.Build.0 = Release|Any CPU
		{26E2E047-3F71-43FB-96E8-EA37B656EF75}.Debug|Any CPU.ActiveCfg = Debug|Any CPU
		{26E2E047-3F71-43FB-96E8-EA37B656EF75}.Debug|Any CPU.Build.0 = Debug|Any CPU
		{26E2E047-3F71-43FB-96E8-EA37B656EF75}.Release|Any CPU.ActiveCfg = Release|Any CPU
		{26E2E047-3F71-43FB-96E8-EA37B656EF75}.Release|Any CPU.Build.0 = Release|Any CPU
		{C626A48B-42DB-4956-A07B-A5FCD192F84E}.Debug|Any CPU.ActiveCfg = Debug|Any CPU
		{C626A48B-42DB-4956-A07B-A5FCD192F84E}.Debug|Any CPU.Build.0 = Debug|Any CPU
		{C626A48B-42DB-4956-A07B-A5FCD192F84E}.Release|Any CPU.ActiveCfg = Release|Any CPU
		{C626A48B-42DB-4956-A07B-A5FCD192F84E}.Release|Any CPU.Build.0 = Release|Any CPU
		{3CBDF164-6BA9-4314-B68D-FA06F2E2A16F}.Debug|Any CPU.ActiveCfg = Debug|Any CPU
		{3CBDF164-6BA9-4314-B68D-FA06F2E2A16F}.Debug|Any CPU.Build.0 = Debug|Any CPU
		{3CBDF164-6BA9-4314-B68D-FA06F2E2A16F}.Release|Any CPU.ActiveCfg = Release|Any CPU
		{3CBDF164-6BA9-4314-B68D-FA06F2E2A16F}.Release|Any CPU.Build.0 = Release|Any CPU
		{A6EB2308-E00A-4FD4-85A4-BEBD05BE1621}.Debug|Any CPU.ActiveCfg = Debug|Any CPU
		{A6EB2308-E00A-4FD4-85A4-BEBD05BE1621}.Debug|Any CPU.Build.0 = Debug|Any CPU
		{A6EB2308-E00A-4FD4-85A4-BEBD05BE1621}.Release|Any CPU.ActiveCfg = Release|Any CPU
		{A6EB2308-E00A-4FD4-85A4-BEBD05BE1621}.Release|Any CPU.Build.0 = Release|Any CPU
		{1B65EDDE-AD94-42D3-BBA2-914362DD1A3F}.Debug|Any CPU.ActiveCfg = Debug|Any CPU
		{1B65EDDE-AD94-42D3-BBA2-914362DD1A3F}.Debug|Any CPU.Build.0 = Debug|Any CPU
		{1B65EDDE-AD94-42D3-BBA2-914362DD1A3F}.Release|Any CPU.ActiveCfg = Release|Any CPU
		{1B65EDDE-AD94-42D3-BBA2-914362DD1A3F}.Release|Any CPU.Build.0 = Release|Any CPU
		{14C72867-4E5A-4255-A69A-6FA7307D7E88}.Debug|Any CPU.ActiveCfg = Debug|Any CPU
		{14C72867-4E5A-4255-A69A-6FA7307D7E88}.Debug|Any CPU.Build.0 = Debug|Any CPU
		{14C72867-4E5A-4255-A69A-6FA7307D7E88}.Release|Any CPU.ActiveCfg = Release|Any CPU
		{14C72867-4E5A-4255-A69A-6FA7307D7E88}.Release|Any CPU.Build.0 = Release|Any CPU
		{EA64744D-B941-470B-A248-45B66F7786A0}.Debug|Any CPU.ActiveCfg = Debug|Any CPU
		{EA64744D-B941-470B-A248-45B66F7786A0}.Debug|Any CPU.Build.0 = Debug|Any CPU
		{EA64744D-B941-470B-A248-45B66F7786A0}.Release|Any CPU.ActiveCfg = Release|Any CPU
		{EA64744D-B941-470B-A248-45B66F7786A0}.Release|Any CPU.Build.0 = Release|Any CPU
		{B8243412-07BF-4889-AAF6-123713703D97}.Debug|Any CPU.ActiveCfg = Debug|Any CPU
		{B8243412-07BF-4889-AAF6-123713703D97}.Debug|Any CPU.Build.0 = Debug|Any CPU
		{B8243412-07BF-4889-AAF6-123713703D97}.Release|Any CPU.ActiveCfg = Release|Any CPU
		{B8243412-07BF-4889-AAF6-123713703D97}.Release|Any CPU.Build.0 = Release|Any CPU
		{25CE147A-4352-45F6-A761-0EBD4240DEB6}.Debug|Any CPU.ActiveCfg = Debug|Any CPU
		{25CE147A-4352-45F6-A761-0EBD4240DEB6}.Debug|Any CPU.Build.0 = Debug|Any CPU
		{25CE147A-4352-45F6-A761-0EBD4240DEB6}.Release|Any CPU.ActiveCfg = Release|Any CPU
		{25CE147A-4352-45F6-A761-0EBD4240DEB6}.Release|Any CPU.Build.0 = Release|Any CPU
		{C9193867-0E86-4A0A-9608-0401C8937881}.Debug|Any CPU.ActiveCfg = Debug|Any CPU
		{C9193867-0E86-4A0A-9608-0401C8937881}.Debug|Any CPU.Build.0 = Debug|Any CPU
		{C9193867-0E86-4A0A-9608-0401C8937881}.Release|Any CPU.ActiveCfg = Release|Any CPU
		{C9193867-0E86-4A0A-9608-0401C8937881}.Release|Any CPU.Build.0 = Release|Any CPU
		{B26DD4F5-E99A-4351-939C-35D158CB61C5}.Debug|Any CPU.ActiveCfg = Debug|Any CPU
		{B26DD4F5-E99A-4351-939C-35D158CB61C5}.Debug|Any CPU.Build.0 = Debug|Any CPU
		{B26DD4F5-E99A-4351-939C-35D158CB61C5}.Release|Any CPU.ActiveCfg = Release|Any CPU
		{B26DD4F5-E99A-4351-939C-35D158CB61C5}.Release|Any CPU.Build.0 = Release|Any CPU
		{3CF86452-11B4-4346-8568-69CE3A465030}.Debug|Any CPU.ActiveCfg = Debug|Any CPU
		{3CF86452-11B4-4346-8568-69CE3A465030}.Debug|Any CPU.Build.0 = Debug|Any CPU
		{3CF86452-11B4-4346-8568-69CE3A465030}.Release|Any CPU.ActiveCfg = Release|Any CPU
		{3CF86452-11B4-4346-8568-69CE3A465030}.Release|Any CPU.Build.0 = Release|Any CPU
		{8F75E0E7-8BB8-40C4-A382-76236B2A97EB}.Debug|Any CPU.ActiveCfg = Debug|Any CPU
		{8F75E0E7-8BB8-40C4-A382-76236B2A97EB}.Debug|Any CPU.Build.0 = Debug|Any CPU
		{8F75E0E7-8BB8-40C4-A382-76236B2A97EB}.Release|Any CPU.ActiveCfg = Release|Any CPU
		{8F75E0E7-8BB8-40C4-A382-76236B2A97EB}.Release|Any CPU.Build.0 = Release|Any CPU
		{A4C736AE-BD68-41EC-A1C7-FEC476521409}.Debug|Any CPU.ActiveCfg = Debug|Any CPU
		{A4C736AE-BD68-41EC-A1C7-FEC476521409}.Debug|Any CPU.Build.0 = Debug|Any CPU
		{A4C736AE-BD68-41EC-A1C7-FEC476521409}.Release|Any CPU.ActiveCfg = Release|Any CPU
		{A4C736AE-BD68-41EC-A1C7-FEC476521409}.Release|Any CPU.Build.0 = Release|Any CPU
		{021B129D-337F-438A-9D57-5C3587B7A365}.Debug|Any CPU.ActiveCfg = Debug|Any CPU
		{021B129D-337F-438A-9D57-5C3587B7A365}.Debug|Any CPU.Build.0 = Debug|Any CPU
		{021B129D-337F-438A-9D57-5C3587B7A365}.Release|Any CPU.ActiveCfg = Release|Any CPU
		{021B129D-337F-438A-9D57-5C3587B7A365}.Release|Any CPU.Build.0 = Release|Any CPU
		{BE66F1A0-524F-41B8-A002-1C266C039DE9}.Debug|Any CPU.ActiveCfg = Debug|Any CPU
		{BE66F1A0-524F-41B8-A002-1C266C039DE9}.Debug|Any CPU.Build.0 = Debug|Any CPU
		{BE66F1A0-524F-41B8-A002-1C266C039DE9}.Release|Any CPU.ActiveCfg = Release|Any CPU
		{BE66F1A0-524F-41B8-A002-1C266C039DE9}.Release|Any CPU.Build.0 = Release|Any CPU
		{BBEA3AC3-589C-4D2B-9275-585ED672E33A}.Debug|Any CPU.ActiveCfg = Debug|Any CPU
		{BBEA3AC3-589C-4D2B-9275-585ED672E33A}.Debug|Any CPU.Build.0 = Debug|Any CPU
		{BBEA3AC3-589C-4D2B-9275-585ED672E33A}.Release|Any CPU.ActiveCfg = Release|Any CPU
		{BBEA3AC3-589C-4D2B-9275-585ED672E33A}.Release|Any CPU.Build.0 = Release|Any CPU
		{327CE8CB-253E-4EA2-8D82-9EE48FBF56A8}.Debug|Any CPU.ActiveCfg = Debug|Any CPU
		{327CE8CB-253E-4EA2-8D82-9EE48FBF56A8}.Debug|Any CPU.Build.0 = Debug|Any CPU
		{327CE8CB-253E-4EA2-8D82-9EE48FBF56A8}.Release|Any CPU.ActiveCfg = Release|Any CPU
		{327CE8CB-253E-4EA2-8D82-9EE48FBF56A8}.Release|Any CPU.Build.0 = Release|Any CPU
		{A8A934DD-321E-4951-9603-BF896C9348AA}.Debug|Any CPU.ActiveCfg = Debug|Any CPU
		{A8A934DD-321E-4951-9603-BF896C9348AA}.Debug|Any CPU.Build.0 = Debug|Any CPU
		{A8A934DD-321E-4951-9603-BF896C9348AA}.Release|Any CPU.ActiveCfg = Release|Any CPU
		{A8A934DD-321E-4951-9603-BF896C9348AA}.Release|Any CPU.Build.0 = Release|Any CPU
		{DD2906BC-4AE9-4C21-8DA3-D3009801A53A}.Debug|Any CPU.ActiveCfg = Debug|Any CPU
		{DD2906BC-4AE9-4C21-8DA3-D3009801A53A}.Debug|Any CPU.Build.0 = Debug|Any CPU
		{DD2906BC-4AE9-4C21-8DA3-D3009801A53A}.Release|Any CPU.ActiveCfg = Release|Any CPU
		{DD2906BC-4AE9-4C21-8DA3-D3009801A53A}.Release|Any CPU.Build.0 = Release|Any CPU
		{1FF3771F-7FB7-4284-88EC-F5BA16BB8BD9}.Debug|Any CPU.ActiveCfg = Debug|Any CPU
		{1FF3771F-7FB7-4284-88EC-F5BA16BB8BD9}.Debug|Any CPU.Build.0 = Debug|Any CPU
		{1FF3771F-7FB7-4284-88EC-F5BA16BB8BD9}.Release|Any CPU.ActiveCfg = Release|Any CPU
		{1FF3771F-7FB7-4284-88EC-F5BA16BB8BD9}.Release|Any CPU.Build.0 = Release|Any CPU
		{3817FCD3-313A-486F-B23C-ADA796F6EB0E}.Debug|Any CPU.ActiveCfg = Debug|Any CPU
		{3817FCD3-313A-486F-B23C-ADA796F6EB0E}.Debug|Any CPU.Build.0 = Debug|Any CPU
		{3817FCD3-313A-486F-B23C-ADA796F6EB0E}.Release|Any CPU.ActiveCfg = Release|Any CPU
		{3817FCD3-313A-486F-B23C-ADA796F6EB0E}.Release|Any CPU.Build.0 = Release|Any CPU
		{7A278E94-78C5-4C0C-A003-260E11821283}.Debug|Any CPU.ActiveCfg = Debug|Any CPU
		{7A278E94-78C5-4C0C-A003-260E11821283}.Debug|Any CPU.Build.0 = Debug|Any CPU
		{7A278E94-78C5-4C0C-A003-260E11821283}.Release|Any CPU.ActiveCfg = Release|Any CPU
		{7A278E94-78C5-4C0C-A003-260E11821283}.Release|Any CPU.Build.0 = Release|Any CPU
		{87FD2A4E-56BB-4915-9349-AF858E2A9FC3}.Debug|Any CPU.ActiveCfg = Debug|Any CPU
		{87FD2A4E-56BB-4915-9349-AF858E2A9FC3}.Debug|Any CPU.Build.0 = Debug|Any CPU
		{87FD2A4E-56BB-4915-9349-AF858E2A9FC3}.Release|Any CPU.ActiveCfg = Release|Any CPU
		{87FD2A4E-56BB-4915-9349-AF858E2A9FC3}.Release|Any CPU.Build.0 = Release|Any CPU
		{E492321C-AE5B-4F7D-ACB2-A1CC4351706F}.Debug|Any CPU.ActiveCfg = Debug|Any CPU
		{E492321C-AE5B-4F7D-ACB2-A1CC4351706F}.Debug|Any CPU.Build.0 = Debug|Any CPU
		{E492321C-AE5B-4F7D-ACB2-A1CC4351706F}.Release|Any CPU.ActiveCfg = Release|Any CPU
		{E492321C-AE5B-4F7D-ACB2-A1CC4351706F}.Release|Any CPU.Build.0 = Release|Any CPU
		{5FD4C6A2-E77C-4369-88C5-1993B9E60ED2}.Debug|Any CPU.ActiveCfg = Debug|Any CPU
		{5FD4C6A2-E77C-4369-88C5-1993B9E60ED2}.Debug|Any CPU.Build.0 = Debug|Any CPU
		{5FD4C6A2-E77C-4369-88C5-1993B9E60ED2}.Release|Any CPU.ActiveCfg = Release|Any CPU
		{5FD4C6A2-E77C-4369-88C5-1993B9E60ED2}.Release|Any CPU.Build.0 = Release|Any CPU
	EndGlobalSection
	GlobalSection(SolutionProperties) = preSolution
		HideSolutionNode = FALSE
	EndGlobalSection
	GlobalSection(NestedProjects) = preSolution
		{923A2B78-B6EF-46BC-B288-BA76F8A44345} = {57FA7F6A-CE2E-4CB0-84B8-7424CCF75DD8}
		{26E2E047-3F71-43FB-96E8-EA37B656EF75} = {57FA7F6A-CE2E-4CB0-84B8-7424CCF75DD8}
		{C626A48B-42DB-4956-A07B-A5FCD192F84E} = {25E79912-68DF-4C96-83C8-760DAC7B618D}
		{3CBDF164-6BA9-4314-B68D-FA06F2E2A16F} = {CACD58C8-DCF5-4EAB-AE19-663DF616C3FA}
		{A6EB2308-E00A-4FD4-85A4-BEBD05BE1621} = {57FA7F6A-CE2E-4CB0-84B8-7424CCF75DD8}
		{1B65EDDE-AD94-42D3-BBA2-914362DD1A3F} = {57FA7F6A-CE2E-4CB0-84B8-7424CCF75DD8}
		{B8243412-07BF-4889-AAF6-123713703D97} = {CACD58C8-DCF5-4EAB-AE19-663DF616C3FA}
		{25CE147A-4352-45F6-A761-0EBD4240DEB6} = {25E79912-68DF-4C96-83C8-760DAC7B618D}
		{14C72867-4E5A-4255-A69A-6FA7307D7E88} = {751E7496-ED15-4C87-8256-E0F273CEB282}
		{C9193867-0E86-4A0A-9608-0401C8937881} = {751E7496-ED15-4C87-8256-E0F273CEB282}
		{EA64744D-B941-470B-A248-45B66F7786A0} = {77F5CE30-BDC6-4CEE-9422-4E51E896A8E0}
		{3CF86452-11B4-4346-8568-69CE3A465030} = {77F5CE30-BDC6-4CEE-9422-4E51E896A8E0}
		{8F75E0E7-8BB8-40C4-A382-76236B2A97EB} = {77F5CE30-BDC6-4CEE-9422-4E51E896A8E0}
		{B26DD4F5-E99A-4351-939C-35D158CB61C5} = {BC95D609-3242-49DB-854A-D01B79CD1628}
		{A4C736AE-BD68-41EC-A1C7-FEC476521409} = {BC95D609-3242-49DB-854A-D01B79CD1628}
		{021B129D-337F-438A-9D57-5C3587B7A365} = {BC95D609-3242-49DB-854A-D01B79CD1628}
		{BE66F1A0-524F-41B8-A002-1C266C039DE9} = {CACD58C8-DCF5-4EAB-AE19-663DF616C3FA}
		{BBEA3AC3-589C-4D2B-9275-585ED672E33A} = {25E79912-68DF-4C96-83C8-760DAC7B618D}
		{327CE8CB-253E-4EA2-8D82-9EE48FBF56A8} = {751E7496-ED15-4C87-8256-E0F273CEB282}
		{A8A934DD-321E-4951-9603-BF896C9348AA} = {751E7496-ED15-4C87-8256-E0F273CEB282}
		{DD2906BC-4AE9-4C21-8DA3-D3009801A53A} = {BC95D609-3242-49DB-854A-D01B79CD1628}
		{1FF3771F-7FB7-4284-88EC-F5BA16BB8BD9} = {57FA7F6A-CE2E-4CB0-84B8-7424CCF75DD8}
		{3817FCD3-313A-486F-B23C-ADA796F6EB0E} = {57FA7F6A-CE2E-4CB0-84B8-7424CCF75DD8}
		{E492321C-AE5B-4F7D-ACB2-A1CC4351706F} = {57FA7F6A-CE2E-4CB0-84B8-7424CCF75DD8}
	EndGlobalSection
	GlobalSection(ExtensibilityGlobals) = postSolution
		SolutionGuid = {0F47FCB9-6213-4B6B-A805-CC85E92658D4}
	EndGlobalSection
EndGlobal
